
Microsoft Visual Studio Solution File, Format Version 12.00
# Visual Studio 15
VisualStudioVersion = 15.0.28010.2016
MinimumVisualStudioVersion = 10.0.40219.1
Project("{FAE04EC0-301F-11D3-BF4B-00C04F79EFBC}") = "De2_AI_Agent", "De2_AI_Agent\De2_AI_Agent.csproj", "{A66E2830-FCBE-47F9-A133-9E7BA1F1BC4B}"
EndProject
Global
	GlobalSection(SolutionConfigurationPlatforms) = preSolution
		Debug|Any CPU = Debug|Any CPU
		Release|Any CPU = Release|Any CPU
	EndGlobalSection
	GlobalSection(ProjectConfigurationPlatforms) = postSolution
		{A66E2830-FCBE-47F9-A133-9E7BA1F1BC4B}.Debug|Any CPU.ActiveCfg = Debug|Any CPU
		{A66E2830-FCBE-47F9-A133-9E7BA1F1BC4B}.Debug|Any CPU.Build.0 = Debug|Any CPU
		{A66E2830-FCBE-47F9-A133-9E7BA1F1BC4B}.Release|Any CPU.ActiveCfg = Release|Any CPU
		{A66E2830-FCBE-47F9-A133-9E7BA1F1BC4B}.Release|Any CPU.Build.0 = Release|Any CPU
	EndGlobalSection
	GlobalSection(SolutionProperties) = preSolution
		HideSolutionNode = FALSE
	EndGlobalSection
	GlobalSection(ExtensibilityGlobals) = postSolution
		SolutionGuid = {62C0C801-E423-4B74-BD6D-495CBFFCB1C3}
	EndGlobalSection
EndGlobal
